{
  "version": 1,
  "dependencies": {
    "net6.0": {
      "OpenCvSharp4": {
        "type": "Direct",
        "requested": "[4.11.0.20250506, )",
        "resolved": "4.11.0.20250506",
        "contentHash": "tX0nFCHgfcFSJJcVWoc3mhEGk8z/mps9lIzqf3NWlG1IbhXE6CW7NN+eBdBQ/HfbOPcfcozct3TipUnvtEBE4Q==",
        "dependencies": {
          "System.Memory": "4.6.0",
          "System.Runtime.CompilerServices.Unsafe": "6.0.0"
        }
      },
      "System.Memory": {
        "type": "Transitive",
        "resolved": "4.6.0",
        "contentHash": "OEkbBQoklHngJ8UD8ez2AERSk2g+/qpAaSWWCBFbpH727HxDq5ydVkuncBaKcKfwRqXGWx64dS6G1SUScMsitg=="
      },
      "System.Runtime.CompilerServices.Unsafe": {
        "type": "Transitive",
        "resolved": "6.0.0",
        "contentHash": "/iUeP3tq1S0XdNNoMz5C9twLSrM/TH+qElHkXWaPvuNOt+99G75NrV0OS2EqHx5wMN7popYjpc8oTjC1y16DLg=="
      },
      "SharpInspect.NET.Abstractions": {
        "type": "Project"
      }
    }
  }
}